// !$*UTF8*$!
{
	archiveVersion = 1;
	classes = {
	};
	objectVersion = 50;
	objects = {

/* Begin PBXBuildFile section */
		08748BB6219D678E006E0B04 /* AppDelegate.swift in Sources */ = {isa = PBXBuildFile; fileRef = 08748BB5219D678E006E0B04 /* AppDelegate.swift */; };
		08748BB8219D678E006E0B04 /* ViewController.swift in Sources */ = {isa = PBXBuildFile; fileRef = 08748BB7219D678E006E0B04 /* ViewController.swift */; };
		08748BBB219D678E006E0B04 /* Main.storyboard in Resources */ = {isa = PBXBuildFile; fileRef = 08748BB9219D678E006E0B04 /* Main.storyboard */; };
		08748BBE219D678E006E0B04 /* HelicopterMove.xcdatamodeld in Sources */ = {isa = PBXBuildFile; fileRef = 08748BBC219D678E006E0B04 /* HelicopterMove.xcdatamodeld */; };
		08748BC0219D6790006E0B04 /* Assets.xcassets in Resources */ = {isa = PBXBuildFile; fileRef = 08748BBF219D6790006E0B04 /* Assets.xcassets */; };
		08748BC3219D6790006E0B04 /* LaunchScreen.storyboard in Resources */ = {isa = PBXBuildFile; fileRef = 08748BC1219D6790006E0B04 /* LaunchScreen.storyboard */; };
/* End PBXBuildFile section */

/* Begin PBXFileReference section */
		08748BB2219D678E006E0B04 /* HelicopterMove.app */ = {isa = PBXFileReference; explicitFileType = wrapper.application; includeInIndex = 0; path = HelicopterMove.app; sourceTree = BUILT_PRODUCTS_DIR; };
		08748BB5219D678E006E0B04 /* AppDelegate.swift */ = {isa = PBXFileReference; lastKnownFileType = sourcecode.swift; path = AppDelegate.swift; sourceTree = "<group>"; };
		08748BB7219D678E006E0B04 /* ViewController.swift */ = {isa = PBXFileReference; lastKnownFileType = sourcecode.swift; path = ViewController.swift; sourceTree = "<group>"; };
		08748BBA219D678E006E0B04 /* Base */ = {isa = PBXFileReference; lastKnownFileType = file.storyboard; name = Base; path = Base.lproj/Main.storyboard; sourceTree = "<group>"; };
		08748BBD219D678E006E0B04 /* HelicopterMove.xcdatamodel */ = {isa = PBXFileReference; lastKnownFileType = wrapper.xcdatamodel; path = HelicopterMove.xcdatamodel; sourceTree = "<group>"; };
		08748BBF219D6790006E0B04 /* Assets.xcassets */ = {isa = PBXFileReference; lastKnownFileType = folder.assetcatalog; path = Assets.xcassets; sourceTree = "<group>"; };
		08748BC2219D6790006E0B04 /* Base */ = {isa = PBXFileReference; lastKnownFileType = file.storyboard; name = Base; path = Base.lproj/LaunchScreen.storyboard; sourceTree = "<group>"; };
		08748BC4219D6790006E0B04 /* Info.plist */ = {isa = PBXFileReference; lastKnownFileType = text.plist.xml; path = Info.plist; sourceTree = "<group>"; };
/* End PBXFileReference section */

/* Begin PBXFrameworksBuildPhase section */
		08748BAF219D678E006E0B04 /* Frameworks */ = {
			isa = PBXFrameworksBuildPhase;
			buildActionMask = 2147483647;
			files = (
			);
			runOnlyForDeploymentPostprocessing = 0;
		};
/* End PBXFrameworksBuildPhase section */

/* Begin PBXGroup section */
		08748BA9219D678E006E0B04 = {
			isa = PBXGroup;
			children = (
				08748BB4219D678E006E0B04 /* HelicopterMove */,
				08748BB3219D678E006E0B04 /* Products */,
			);
			sourceTree = "<group>";
		};
		08748BB3219D678E006E0B04 /* Products */ = {
			isa = PBXGroup;
			children = (
				08748BB2219D678E006E0B04 /* HelicopterMove.app */,
			);
			name = Products;
			sourceTree = "<group>";
		};
		08748BB4219D678E006E0B04 /* HelicopterMove */ = {
			isa = PBXGroup;
			children = (
				08748BB5219D678E006E0B04 /* AppDelegate.swift */,
				08748BB7219D678E006E0B04 /* ViewController.swift */,
				08748BB9219D678E006E0B04 /* Main.storyboard */,
				08748BBF219D6790006E0B04 /* Assets.xcassets */,
				08748BC1219D6790006E0B04 /* LaunchScreen.storyboard */,
				08748BC4219D6790006E0B04 /* Info.plist */,
				08748BBC219D678E006E0B04 /* HelicopterMove.xcdatamodeld */,
			);
			path = HelicopterMove;
			sourceTree = "<group>";
		};
/* End PBXGroup section */

/* Begin PBXNativeTarget section */
		08748BB1219D678E006E0B04 /* HelicopterMove */ = {
			isa = PBXNativeTarget;
			buildConfigurationList = 08748BC7219D6790006E0B04 /* Build configuration list for PBXNativeTarget "HelicopterMove" */;
			buildPhases = (
				08748BAE219D678E006E0B04 /* Sources */,
				08748BAF219D678E006E0B04 /* Frameworks */,
				08748BB0219D678E006E0B04 /* Resources */,
			);
			buildRules = (
			);
			dependencies = (
			);
			name = HelicopterMove;
			productName = HelicopterMove;
			productReference = 08748BB2219D678E006E0B04 /* HelicopterMove.app */;
			productType = "com.apple.product-type.application";
		};
/* End PBXNativeTarget section */

/* Begin PBXProject section */
		08748BAA219D678E006E0B04 /* Project object */ = {
			isa = PBXProject;
			attributes = {
				LastSwiftUpdateCheck = 1000;
				LastUpgradeCheck = 1000;
				ORGANIZATIONNAME = "mohsen khodadadzadeh";
				TargetAttributes = {
					08748BB1219D678E006E0B04 = {
						CreatedOnToolsVersion = 10.0;
					};
				};
			};
			buildConfigurationList = 08748BAD219D678E006E0B04 /* Build configuration list for PBXProject "HelicopterMove" */;
			compatibilityVersion = "Xcode 9.3";
			developmentRegion = en;
			hasScannedForEncodings = 0;
			knownRegions = (
				en,
				Base,
			);
			mainGroup = 08748BA9219D678E006E0B04;
			productRefGroup = 08748BB3219D678E006E0B04 /* Products */;
			projectDirPath = "";
			projectRoot = "";
			targets = (
				08748BB1219D678E006E0B04 /* HelicopterMove */,
			);
		};
/* End PBXProject section */

/* Begin PBXResourcesBuildPhase section */
		08748BB0219D678E006E0B04 /* Resources */ = {
			isa = PBXResourcesBuildPhase;
			buildActionMask = 2147483647;
			files = (
				08748BC3219D6790006E0B04 /* LaunchScreen.storyboard in Resources */,
				08748BC0219D6790006E0B04 /* Assets.xcassets in Resources */,
				08748BBB219D678E006E0B04 /* Main.storyboard in Resources */,
			);
			runOnlyForDeploymentPostprocessing = 0;
		};
/* End PBXResourcesBuildPhase section */

/* Begin PBXSourcesBuildPhase section */
		08748BAE219D678E006E0B04 /* Sources */ = {
			isa = PBXSourcesBuildPhase;
			buildActionMask = 2147483647;
			files = (
				08748BB8219D678E006E0B04 /* ViewController.swift in Sources */,
				08748BB6219D678E006E0B04 /* AppDelegate.swift in Sources */,
				08748BBE219D678E006E0B04 /* HelicopterMove.xcdatamodeld in Sources */,
			);
			runOnlyForDeploymentPostprocessing = 0;
		};
/* End PBXSourcesBuildPhase section */

/* Begin PBXVariantGroup section */
		08748BB9219D678E006E0B04 /* Main.storyboard */ = {
			isa = PBXVariantGroup;
			children = (
				08748BBA219D678E006E0B04 /* Base */,
			);
			name = Main.storyboard;
			sourceTree = "<group>";
		};
		08748BC1219D6790006E0B04 /* LaunchScreen.storyboard */ = {
			isa = PBXVariantGroup;
			children = (
				08748BC2219D6790006E0B04 /* Base */,
			);
			name = LaunchScreen.storyboard;
			sourceTree = "<group>";
		};
/* End PBXVariantGroup section */

/* Begin XCBuildConfiguration section */
		08748BC5219D6790006E0B04 /* Debug */ = {
			isa = XCBuildConfiguration;
			buildSettings = {
				ALWAYS_SEARCH_USER_PATHS = NO;
				CLANG_ANALYZER_NONNULL = YES;
				CLANG_ANALYZER_NUMBER_OBJECT_CONVERSION = YES_AGGRESSIVE;
				CLANG_CXX_LANGUAGE_STANDARD = "gnu++14";
				CLANG_CXX_LIBRARY = "libc++";
				CLANG_ENABLE_MODULES = YES;
				CLANG_ENABLE_OBJC_ARC = YES;
				CLANG_ENABLE_OBJC_WEAK = YES;
				CLANG_WARN_BLOCK_CAPTURE_AUTORELEASING = YES;
				CLANG_WARN_BOOL_CONVERSION = YES;
				CLANG_WARN_COMMA = YES;
				CLANG_WARN_CONSTANT_CONVERSION = YES;
				CLANG_WARN_DEPRECATED_OBJC_IMPLEMENTATIONS = YES;
				CLANG_WARN_DIRECT_OBJC_ISA_USAGE = YES_ERROR;
				CLANG_WARN_DOCUMENTATION_COMMENTS = YES;
				CLANG_WARN_EMPTY_BODY = YES;
				CLANG_WARN_ENUM_CONVERSION = YES;
				CLANG_WARN_INFINITE_RECURSION = YES;
				CLANG_WARN_INT_CONVERSION = YES;
				CLANG_WARN_NON_LITERAL_NULL_CONVERSION = YES;
				CLANG_WARN_OBJC_IMPLICIT_RETAIN_SELF = YES;
				CLANG_WARN_OBJC_LITERAL_CONVERSION = YES;
				CLANG_WARN_OBJC_ROOT_CLASS = YES_ERROR;
				CLANG_WARN_RANGE_LOOP_ANALYSIS = YES;
				CLANG_WARN_STRICT_PROTOTYPES = YES;
				CLANG_WARN_SUSPICIOUS_MOVE = YES;
				CLANG_WARN_UNGUARDED_AVAILABILITY = YES_AGGRESSIVE;
				CLANG_WARN_UNREACHABLE_CODE = YES;
				CLANG_WARN__DUPLICATE_METHOD_MATCH = YES;
				CODE_SIGN_IDENTITY = "iPhone Developer";
				COPY_PHASE_STRIP = NO;
				DEBUG_INFORMATION_FORMAT = dwarf;
				ENABLE_STRICT_OBJC_MSGSEND = YES;
				ENABLE_TESTABILITY = YES;
				GCC_C_LANGUAGE_STANDARD = gnu11;
				GCC_DYNAMIC_NO_PIC = NO;
				GCC_NO_COMMON_BLOCKS = YES;
				GCC_OPTIMIZATION_LEVEL = 0;
				GCC_PREPROCESSOR_DEFINITIONS = (
					"DEBUG=1",
					"$(inherited)",
				);
				GCC_WARN_64_TO_32_BIT_CONVERSION = YES;
				GCC_WARN_ABOUT_RETURN_TYPE = YES_ERROR;
				GCC_WARN_UNDECLARED_SELECTOR = YES;
				GCC_WARN_UNINITIALIZED_AUTOS = YES_AGGRESSIVE;
				GCC_WARN_UNUSED_FUNCTION = YES;
				GCC_WARN_UNUSED_VARIABLE = YES;
				IPHONEOS_DEPLOYMENT_TARGET = 12.0;
				MTL_ENABLE_DEBUG_INFO = INCLUDE_SOURCE;
				MTL_FAST_MATH = YES;
				ONLY_ACTIVE_ARCH = YES;
				SDKROOT = iphoneos;
				SWIFT_ACTIVE_COMPILATION_CONDITIONS = DEBUG;
				SWIFT_OPTIMIZATION_LEVEL = "-Onone";
			};
			name = Debug;
		};
		08748BC6219D6790006E0B04 /* Release */ = {
			isa = XCBuildConfiguration;
			buildSettings = {
				ALWAYS_SEARCH_USER_PATHS = NO;
				CLANG_ANALYZER_NONNULL = YES;
				CLANG_ANALYZER_NUMBER_OBJECT_CONVERSION = YES_AGGRESSIVE;
				CLANG_CXX_LANGUAGE_STANDARD = "gnu++14";
				CLANG_CXX_LIBRARY = "libc++";
				CLANG_ENABLE_MODULES = YES;
				CLANG_ENABLE_OBJC_ARC = YES;
				CLANG_ENABLE_OBJC_WEAK = YES;
				CLANG_WARN_BLOCK_CAPTURE_AUTORELEASING = YES;
				CLANG_WARN_BOOL_CONVERSION = YES;
				CLANG_WARN_COMMA = YES;
				CLANG_WARN_CONSTANT_CONVERSION = YES;
				CLANG_WARN_DEPRECATED_OBJC_IMPLEMENTATIONS = YES;
				CLANG_WARN_DIRECT_OBJC_ISA_USAGE = YES_ERROR;
				CLANG_WARN_DOCUMENTATION_COMMENTS = YES;
				CLANG_WARN_EMPTY_BODY = YES;
				CLANG_WARN_ENUM_CONVERSION = YES;
				CLANG_WARN_INFINITE_RECURSION = YES;
				CLANG_WARN_INT_CONVERSION = YES;
				CLANG_WARN_NON_LITERAL_NULL_CONVERSION = YES;
				CLANG_WARN_OBJC_IMPLICIT_RETAIN_SELF = YES;
				CLANG_WARN_OBJC_LITERAL_CONVERSION = YES;
				CLANG_WARN_OBJC_ROOT_CLASS = YES_ERROR;
				CLANG_WARN_RANGE_LOOP_ANALYSIS = YES;
				CLANG_WARN_STRICT_PROTOTYPES = YES;
				CLANG_WARN_SUSPICIOUS_MOVE = YES;
				CLANG_WARN_UNGUARDED_AVAILABILITY = YES_AGGRESSIVE;
				CLANG_WARN_UNREACHABLE_CODE = YES;
				CLANG_WARN__DUPLICATE_METHOD_MATCH = YES;
				CODE_SIGN_IDENTITY = "iPhone Developer";
				COPY_PHASE_STRIP = NO;
				DEBUG_INFORMATION_FORMAT = "dwarf-with-dsym";
				ENABLE_NS_ASSERTIONS = NO;
				ENABLE_STRICT_OBJC_MSGSEND = YES;
				GCC_C_LANGUAGE_STANDARD = gnu11;
				GCC_NO_COMMON_BLOCKS = YES;
				GCC_WARN_64_TO_32_BIT_CONVERSION = YES;
				GCC_WARN_ABOUT_RETURN_TYPE = YES_ERROR;
				GCC_WARN_UNDECLARED_SELECTOR = YES;
				GCC_WARN_UNINITIALIZED_AUTOS = YES_AGGRESSIVE;
				GCC_WARN_UNUSED_FUNCTION = YES;
				GCC_WARN_UNUSED_VARIABLE = YES;
				IPHONEOS_DEPLOYMENT_TARGET = 12.0;
				MTL_ENABLE_DEBUG_INFO = NO;
				MTL_FAST_MATH = YES;
				SDKROOT = iphoneos;
				SWIFT_COMPILATION_MODE = wholemodule;
				SWIFT_OPTIMIZATION_LEVEL = "-O";
				VALIDATE_PRODUCT = YES;
			};
			name = Release;
		};
		08748BC8219D6790006E0B04 /* Debug */ = {
			isa = XCBuildConfiguration;
			buildSettings = {
				ASSETCATALOG_COMPILER_APPICON_NAME = AppIcon;
				CODE_SIGN_STYLE = Automatic;
				DEVELOPMENT_TEAM = CSPYV9P999;
				INFOPLIST_FILE = HelicopterMove/Info.plist;
				LD_RUNPATH_SEARCH_PATHS = (
					"$(inherited)",
					"@executable_path/Frameworks",
				);
				PRODUCT_BUNDLE_IDENTIFIER = "i-swiftIR.HelicopterMove";
				PRODUCT_NAME = "$(TARGET_NAME)";
				SWIFT_VERSION = 4.2;
				TARGETED_DEVICE_FAMILY = "1,2";
			};
			name = Debug;
		};
		08748BC9219D6790006E0B04 /* Release */ = {
			isa = XCBuildConfiguration;
			buildSettings = {
				ASSETCATALOG_COMPILER_APPICON_NAME = AppIcon;
				CODE_SIGN_STYLE = Automatic;
				DEVELOPMENT_TEAM = CSPYV9P999;
				INFOPLIST_FILE = HelicopterMove/Info.plist;
				LD_RUNPATH_SEARCH_PATHS = (
					"$(inherited)",
					"@executable_path/Frameworks",
				);
				PRODUCT_BUNDLE_IDENTIFIER = "i-swiftIR.HelicopterMove";
				PRODUCT_NAME = "$(TARGET_NAME)";
				SWIFT_VERSION = 4.2;
				TARGETED_DEVICE_FAMILY = "1,2";
			};
			name = Release;
		};
/* End XCBuildConfiguration section */

/* Begin XCConfigurationList section */
		08748BAD219D678E006E0B04 /* Build configuration list for PBXProject "HelicopterMove" */ = {
			isa = XCConfigurationList;
			buildConfigurations = (
				08748BC5219D6790006E0B04 /* Debug */,
				08748BC6219D6790006E0B04 /* Release */,
			);
			defaultConfigurationIsVisible = 0;
			defaultConfigurationName = Release;
		};
		08748BC7219D6790006E0B04 /* Build configuration list for PBXNativeTarget "HelicopterMove" */ = {
			isa = XCConfigurationList;
			buildConfigurations = (
				08748BC8219D6790006E0B04 /* Debug */,
				08748BC9219D6790006E0B04 /* Release */,
			);
			defaultConfigurationIsVisible = 0;
			defaultConfigurationName = Release;
		};
/* End XCConfigurationList section */

/* Begin XCVersionGroup section */
		08748BBC219D678E006E0B04 /* HelicopterMove.xcdatamodeld */ = {
			isa = XCVersionGroup;
			children = (
				08748BBD219D678E006E0B04 /* HelicopterMove.xcdatamodel */,
			);
			currentVersion = 08748BBD219D678E006E0B04 /* HelicopterMove.xcdatamodel */;
			path = HelicopterMove.xcdatamodeld;
			sourceTree = "<group>";
			versionGroupType = wrapper.xcdatamodel;
		};
/* End XCVersionGroup section */
	};
	rootObject = 08748BAA219D678E006E0B04 /* Project object */;
}
